
Microsoft Visual Studio Solution File, Format Version 12.00
# Visual Studio Version 17
VisualStudioVersion = 17.0.31919.166
MinimumVisualStudioVersion = 10.0.40219.1
Project("{FAE04EC0-301F-11D3-BF4B-00C04F79EFBC}") = "SmartCameraSimulator", "SmartCameraSimulator\SmartCameraSimulator.csproj", "{4743A651-5DF2-4724-9A4B-8107CA16F193}"
EndProject
Project("{FAE04EC0-301F-11D3-BF4B-00C04F79EFBC}") = "CameraSystem.Shared", "CameraSystem.Shared\CameraSystem.Shared.csproj", "{1B39A93C-52FC-496C-8E07-C737B12D845A}"
EndProject
Project("{FAE04EC0-301F-11D3-BF4B-00C04F79EFBC}") = "CameraSystem.Server", "CameraSystem.Server\CameraSystem.Server.csproj", "{4DDB144A-9A1F-48C4-A77D-4BAEE1F22BFB}"
EndProject
Global
	GlobalSection(SolutionConfigurationPlatforms) = preSolution
		Debug|Any CPU = Debug|Any CPU
		Release|Any CPU = Release|Any CPU
	EndGlobalSection
	GlobalSection(ProjectConfigurationPlatforms) = postSolution
		{4743A651-5DF2-4724-9A4B-8107CA16F193}.Debug|Any CPU.ActiveCfg = Debug|Any CPU
		{4743A651-5DF2-4724-9A4B-8107CA16F193}.Debug|Any CPU.Build.0 = Debug|Any CPU
		{4743A651-5DF2-4724-9A4B-8107CA16F193}.Release|Any CPU.ActiveCfg = Release|Any CPU
		{4743A651-5DF2-4724-9A4B-8107CA16F193}.Release|Any CPU.Build.0 = Release|Any CPU
		{1B39A93C-52FC-496C-8E07-C737B12D845A}.Debug|Any CPU.ActiveCfg = Debug|Any CPU
		{1B39A93C-52FC-496C-8E07-C737B12D845A}.Debug|Any CPU.Build.0 = Debug|Any CPU
		{1B39A93C-52FC-496C-8E07-C737B12D845A}.Release|Any CPU.ActiveCfg = Release|Any CPU
		{1B39A93C-52FC-496C-8E07-C737B12D845A}.Release|Any CPU.Build.0 = Release|Any CPU
		{4DDB144A-9A1F-48C4-A77D-4BAEE1F22BFB}.Debug|Any CPU.ActiveCfg = Debug|Any CPU
		{4DDB144A-9A1F-48C4-A77D-4BAEE1F22BFB}.Debug|Any CPU.Build.0 = Debug|Any CPU
		{4DDB144A-9A1F-48C4-A77D-4BAEE1F22BFB}.Release|Any CPU.ActiveCfg = Release|Any CPU
		{4DDB144A-9A1F-48C4-A77D-4BAEE1F22BFB}.Release|Any CPU.Build.0 = Release|Any CPU
	EndGlobalSection
	GlobalSection(SolutionProperties) = preSolution
		HideSolutionNode = FALSE
	EndGlobalSection
	GlobalSection(ExtensibilityGlobals) = postSolution
		SolutionGuid = {F6525DE8-EE50-432A-81ED-A2A5132BD047}
	EndGlobalSection
EndGlobal
